version = 1
revision = 3
requires-python = ">=3.10"

[[package]]
name = "colorama"
version = "0.4.6"
source = { registry = "https://pypi.org/simple" }
sdist = { url = "https://files.pythonhosted.org/packages/d8/53/6f443c9a4a8358a93a6792e2acffb9d9d5cb0a5cfd8802644b7b1c9a02e4/colorama-0.4.6.tar.gz", hash = "sha256:08695f5cb7ed6e0531a20572697297273c47b8cae5a63ffc6d6ed5c201be6e44", size = 27697, upload-time = "2022-10-25T02:36:22.414Z" }
wheels = [
    { url = "https://files.pythonhosted.org/packages/d1/d6/3965ed04c63042e047cb6a3e6ed1a63a35087b6a609aa3a15ed8ac56c221/colorama-0.4.6-py2.py3-none-any.whl", hash = "sha256:4f1d9991f5acc0ca119f9d443620b77f9d6b33703e51011c16baf57afb285fc6", size = 25335, upload-time = "2022-10-25T02:36:20.889Z" },
]

[[package]]
name = "cython"
version = "3.3.0"
source = { registry = "https://pypi.org/simple" }
sdist = { url = "https://files.pythonhosted.org/packages/a9/d8/4981ef716ad0e3ff0d3ef383aefc6b03c4a88dee33b272bf8e0d833001ca/cython-3.3.0.tar.gz", hash = "sha256:eed0d93fbca7087f143b42c34b05a825849bdf17f101572c2105acfa49aa88b8", size = 3727515, upload-time = "2026-08-22T05:16:39.493Z" }
wheels = [
    { url = "https://files.pythonhosted.org/packages/f3/62/eae58684ab7a46e877f3193f393244a4de6fd5e700cca4265a7d33664f38/cython-3.3.0-cp310-cp310-macosx_11_0_arm64.whl", hash = "sha256:0507d9caf7dc35f1212627145d5d13dbc5dd7128529a6608ab72690472fa688e", size = 3142413, upload-time = "2026-08-22T05:16:50.378Z" },
    { url = "https://files.pythonhosted.org/packages/bd/4f/d59848f24076f7dd30d2cf05aa62ed321ec5f54bf695da8ddb3971bf1fdc/cython-3.3.0-cp310-cp310-manylinux2014_aarch64.manylinux_2_17_aarch64.manylinux_2_28_aarch64.whl", hash = "sha256:de883ec6764b61547c1e7674c0d8a8a875d398bd6bb684e46b93d83e4f13b260", size = 3345754, upload-time = "2026-08-22T05:16:52.513Z" },
    { url = "https://files.pythonhosted.org/packages/e5/97/74d1f6464e7c0fbadde6ed1f2cbd036f1f0a5a59da7adb3af3e08d34cdf7/cython-3.3.0-cp310-cp310-manylinux2014_x86_64.manylinux_2_17_x86_64.manylinux_2_28_x86_64.whl", hash = "sha256:eda47eb7731c3b41180b58bb83de423f43aa58a677677e3390e8d332b003859e", size = 3478868, upload-time = "2026-08-22T05:16:54.623Z" },
    { url = "https://files.pythonhosted.org/packages/03/73/35b0a13ed2e0519ee1cd8f3b3f2160fe30b96016d6b7d7ce74b8df99df72/cython-3.3.0-cp310-cp310-win_amd64.whl", hash = "sha256:bf411da3ef1af8763781c219108860f7de33f1100038da35d6bf1b4d83fcb2c0", size = 2859003, upload-time = "2026-08-22T05:16:56.764Z" },
    { url = "https://files.pythonhosted.org/packages/af/67/dffaf12b7203f7e936d98b967e065c50a7883f152c51ded44ed8762128f4/cython-3.3.0-cp311-cp311-macosx_11_0_arm64.whl", hash = "sha256:ec09dbf73ff4f7be2b339b995fadae9c4bb517bbbed7ec11d6fe99c2092b48fd", size = 3134644, upload-time = "2026-08-22T05:16:59.112Z" },
    { url = "https://files.pythonhosted.org/packages/6a/f2/9dc6a3bad9c9d11bf31903321553820a661ce00319a57c4181bf0dcb87f4/cython-3.3.0-cp311-cp311-manylinux2014_aarch64.manylinux_2_17_aarch64.manylinux_2_28_aarch64.whl", hash = "sha256:11e437f086affee8051cec4bb531be3edb646ab66e325154aa6849377f365033", size = 3346108, upload-time = "2026-08-22T05:17:01.082Z" },
    { url = "https://files.pythonhosted.org/packages/3f/9b/dd726d11b2aff24f0c3fa68ce9e3934097a058aca471a8cc9888aeae5471/cython-3.3.0-cp311-cp311-manylinux2014_x86_64.manylinux_2_17_x86_64.manylinux_2_28_x86_64.whl", hash = "sha256:e6035b5231a9316edc19d6415f4296fd1d0370e2a165a714b3edc167b9ca00e1", size = 3479260, upload-time = "2026-08-22T05:17:03.476Z" },
    { url = "https://files.pythonhosted.org/packages/43/55/7408773fdadb2b3434501109696533555ba89f233366519c661372c69098/cython-3.3.0-cp311-cp311-win_amd64.whl", hash = "sha256:8566ea804cfc265f5e9dda71d1b716aa24ee4c3423a5da4b28a248a78c33e3f9", size = 2862883, upload-time = "2026-08-22T05:17:06.008Z" },
    { url = "https://files.pythonhosted.org/packages/da/0f/95bad838a80ac52c9e982dad00bd9a0b2bad57fb4c688e5f53ac3ef65ff0/cython-3.3.0-cp312-cp312-macosx_11_0_arm64.whl", hash = "sha256:03bc5333932f5dda3ba9315298ecdd21daa1b58410bb1f8ce04c78ec8337130a", size = 3143472, upload-time = "2026-08-22T05:17:07.956Z" },
    { url = "https://files.pythonhosted.org/packages/91/8b/53d4a84de853b39940a0e35a6a2a9ed5f54cb05468daee95bc0fd1c2a178/cython-3.3.0-cp312-cp312-manylinux2014_aarch64.manylinux_2_17_aarch64.manylinux_2_28_aarch64.whl", hash = "sha256:7e321ae700995a16dc3055ada06ffb8d61e1a7434e5d0e811547a45ac1015ebd", size = 3258974, upload-time = "2026-08-22T05:17:09.908Z" },
    { url = "https://files.pythonhosted.org/packages/6a/4e/6b1c5a4e6bbe1726104de007aa2fdf01a3e2e386b4ec93c7be5f5085d53f/cython-3.3.0-cp312-cp312-manylinux2014_x86_64.manylinux_2_17_x86_64.manylinux_2_28_x86_64.whl", hash = "sha256:428fafed98ea26927000a287b4dfc9ef07339f56656a5329a34eaa593f79a4f8", size = 3412225, upload-time = "2026-08-22T05:17:12.281Z" },
    { url = "https://files.pythonhosted.org/packages/f4/9b/cd724d91c500116769bdb853450a2197ba3d640dbbe3b02fc54ebdfdbd1b/cython-3.3.0-cp312-cp312-win_amd64.whl", hash = "sha256:333449cc0350baedee5a6af27929eac8a71eac4ec59333c45ff476b33c6c660d", size = 2872123, upload-time = "2026-08-22T05:17:14.322Z" },
    { url = "https://files.pythonhosted.org/packages/2f/cc/abc977cf683140e372714acea42164ecfc5cd3d3984ed025860e6d830ee4/cython-3.3.0-cp313-cp313-macosx_11_0_arm64.whl", hash = "sha256:03056533fe4fdbc4f1d34a39178f9a4937ff35196f8bcdde2a67b5b5809c61fe", size = 3134892, upload-time = "2026-08-22T05:17:16.675Z" },
    { url = "https://files.pythonhosted.org/packages/a3/60/5367e7c80776a185ac11e0ea738fdaf18b9d0bc21d2c2bafc4d87eb19964/cython-3.3.0-cp313-cp313-manylinux2014_aarch64.manylinux_2_17_aarch64.manylinux_2_28_aarch64.whl", hash = "sha256:bc2f2a6b65a991666cfd35a35bab0cd88ffba4df2f601edb6e76cc8116de24b9", size = 3251835, upload-time = "2026-08-22T05:17:18.458Z" },
    { url = "https://files.pythonhosted.org/packages/bc/b8/fc595c60a7b6f5f08b4f6ad65e60688e8c61f76064ebe847eaf85d0c59fa/cython-3.3.0-cp313-cp313-manylinux2014_x86_64.manylinux_2_17_x86_64.manylinux_2_28_x86_64.whl", hash = "sha256:23942b0662642927a55676e4b26e6840fb166dd7d76436384685227e7e8619a4", size = 3407705, upload-time = "2026-08-22T05:17:20.387Z" },
    { url = "https://files.pythonhosted.org/packages/d8/d7/376572ff69ef39a9bdcd727124f6c38aa066300e97734a4902a3ae0d2af0/cython-3.3.0-cp313-cp313-win_amd64.whl", hash = "sha256:ab24d1a4fb6aaf0b5b6fcd75a6d70255fbd3130fa78884c26991f8d5502616b5", size = 2866216, upload-time = "2026-08-22T05:17:22.348Z" },
    { url = "https://files.pythonhosted.org/packages/8a/7f/e409f76bb955ecdcb746b80350b945fbb808846d797346d647a37e1790ca/cython-3.3.0-cp314-cp314-macosx_11_0_arm64.whl", hash = "sha256:0deedc2e9a5a664e1adfa4c2d310aa7b54903e1a647c274b6c9213f77a02d637", size = 3186700, upload-time = "2026-08-22T05:17:24.288Z" },
    { url = "https://files.pythonhosted.org/packages/0e/6b/4a623ab6e4a5b9814b22849665cb212273f9735399a7ebca4f3e8c254f1a/cython-3.3.0-cp314-cp314-manylinux2014_aarch64.manylinux_2_17_aarch64.manylinux_2_28_aarch64.whl", hash = "sha256:46072c0d404616b5e652a63882c79cc3f8a1d62635a8692f56ed0e416a4dfed8", size = 3330606, upload-time = "2026-08-22T05:17:26.041Z" },
    { url = "https://files.pythonhosted.org/packages/9f/57/6d620ebee4fc24d89340427702f6ceaf7b956511d1f2222a88c92c1a72b7/cython-3.3.0-cp314-cp314-manylinux2014_x86_64.manylinux_2_17_x86_64.manylinux_2_28_x86_64.whl", hash = "sha256:82f94565b6001bab8e31bf52a0911672910b5735910612a2c0f772c719670006", size = 3454681, upload-time = "2026-08-22T05:17:28.449Z" },
    { url = "https://files.pythonhosted.org/packages/73/4e/26e0a584d06c5b3f345df491d2546479606c89217627ee163f1aa55e899f/cython-3.3.0-cp314-cp314-win_amd64.whl", hash = "sha256:51999fb834365721b6c7f689cf6e2ec7c8667aae783df9eb5e589c290a414d9c", size = 2925966, upload-time = "2026-08-22T05:17:30.549Z" },
    { url = "https://files.pythonhosted.org/packages/ea/45/7f6988070013e16918e39b1b3dab9c5f2c8e404253a7fd10ee685bbd6902/cython-3.3.0-cp315-cp315-macosx_11_0_arm64.whl", hash = "sha256:596e8df019372a2cd417805015022d42cb8ee4e1803ccdc11ed00e451625fb66", size = 3177681, upload-time = "2026-08-22T05:17:32.523Z" },
    { url = "https://files.pythonhosted.org/packages/6e/5d/afb6866ab10236bb208dff0f172ea4b397c9693c5250280c4d9d26057218/cython-3.3.0-cp315-cp315-manylinux2014_aarch64.manylinux_2_17_aarch64.manylinux_2_28_aarch64.whl", hash = "sha256:4a36c34d1950845b8ac148653b07cdc62421a4b0d9abfcc849e69f1c4ff9919d", size = 3328312, upload-time = "2026-08-22T05:17:34.511Z" },
    { url = "https://files.pythonhosted.org/packages/c9/aa/4c0b6773ecf6bc1ec6cda7db8312a566611b330fb6dae87d740e44a47822/cython-3.3.0-cp315-cp315-manylinux2014_x86_64.manylinux_2_17_x86_64.manylinux_2_28_x86_64.whl", hash = "sha256:b447f6906e0555f05dc4742ef1f99091b1e5d9aa9f16616e772fbf9ff6271616", size = 3454285, upload-time = "2026-08-22T05:17:36.538Z" },
    { url = "https://files.pythonhosted.org/packages/44/bb/3e2631122f96300723d6fc42b9cf65550bdcda570a6ad5c4e0226e2e787c/cython-3.3.0-cp315-cp315-win_amd64.whl", hash = "sha256:b55c72e8eccdd508c8de3cf3bbc543aafbb3bf6a518e1ee20358d3241cd780ef", size = 2924709, upload-time = "2026-08-22T05:17:38.65Z" },
    { url = "https://files.pythonhosted.org/packages/14/59/bc1a84b434cb5bebb0cd6f50da8f239d35a5c141b20fdeafc2817fd87778/cython-3.3.0-cp39-abi3-macosx_10_9_x86_64.whl", hash = "sha256:e0d2713d2b292c826bc21dc8732bd9e47628103aa3764180c881e04b3fef95dc", size = 3063660, upload-time = "2026-08-22T05:17:40.923Z" },
    { url = "https://files.pythonhosted.org/packages/ba/6d/542e32908fb421d88354f327ed6450e14240f9825d25393065bc65f4723f/cython-3.3.0-cp39-abi3-manylinux1_i686.manylinux_2_28_i686.manylinux_2_5_i686.whl", hash = "sha256:169e56fd411f4cd5bba51c82f8239421d547a846099db2b261e4aed48ba9f51f", size = 3358395, upload-time = "2026-08-22T05:17:43.036Z" },
    { url = "https://files.pythonhosted.org/packages/9c/7c/ddaf197bc65b581e1891657940bc4f7cb1f740e822115e828920b3a119ce/cython-3.3.0-cp39-abi3-manylinux2014_armv7l.manylinux_2_17_armv7l.manylinux_2_31_armv7l.whl", hash = "sha256:29f38ebafdf23e3da2516f40c4d065da38bfe002181bf93e2b8cf1262449aba6", size = 3041760, upload-time = "2026-08-22T05:17:44.907Z" },
    { url = "https://files.pythonhosted.org/packages/19/a7/ae5ec3e34d43da846ed4c425734752d83aae0dae49feb929f09c90fc9afa/cython-3.3.0-cp39-abi3-musllinux_1_2_aarch64.whl", hash = "sha256:75c4ae8a6d3a5ccf3cdaba8ab32e6a8d0cd38e3a476aa7ac12df8f8171a8d570", size = 3156152, upload-time = "2026-08-22T05:17:46.884Z" },
    { url = "https://files.pythonhosted.org/packages/31/44/c60b601fc43f0b08e9d6f14b94e0dd02eb0ca8d60f46e242ace7191ac1be/cython-3.3.0-cp39-abi3-musllinux_1_2_armv7l.whl", hash = "sha256:b94fb5613b9fe34c27d13ec9972dc0dcd2a2155db2902e93921cadc162610a38", size = 3046690, upload-time = "2026-08-22T05:17:48.731Z" },
    { url = "https://files.pythonhosted.org/packages/b0/9e/d735c26ed907563d3365534006acb263651c2d3b87fee804f7a483dd1714/cython-3.3.0-cp39-abi3-musllinux_1_2_i686.whl", hash = "sha256:c4558ba85849ab65dc57e10fd0efb13fabd9d3c09981a2566e18dec7cf47586a", size = 3373534, upload-time = "2026-08-22T05:17:50.7Z" },
    { url = "https://files.pythonhosted.org/packages/e0/e8/aa7b4f3a28d6e8117c76e2cf78a0df7a503486cdf7243c5b53200c9533a1/cython-3.3.0-cp39-abi3-musllinux_1_2_x86_64.whl", hash = "sha256:311a016369adfd1e0015c4f9819168fc0e518451d7efb4435c30d65a3a26d52b", size = 3265110, upload-time = "2026-08-22T05:17:52.577Z" },
    { url = "https://files.pythonhosted.org/packages/9c/66/37892a8999d6bbd3f92d691a9701cb720c8ddd6171e16f5148eee6e8cb7f/cython-3.3.0-cp39-abi3-win32.whl", hash = "sha256:90869072e50b7c8904fe1dd7810321ae901fd5637a6eec6646ed9c57f9eb1081", size = 2587733, upload-time = "2026-08-22T05:17:54.547Z" },
    { url = "https://files.pythonhosted.org/packages/19/a2/5f4d305cbd4489d21570e5491ad5c483c478cdab032853e2125c280e3bd5/cython-3.3.0-cp39-abi3-win_arm64.whl", hash = "sha256:dce56c26d388f00a19426371b6926bf2f77c5c03b71d5273e4556c68be98c2dd", size = 2608078, upload-time = "2026-08-22T05:17:56.386Z" },
    { url = "https://files.pythonhosted.org/packages/bf/77/67b0b24e45073a699610e50f00c18474ff9b09ea29ecc95083bdf5e60acd/cython-3.3.0-py3-none-any.whl", hash = "sha256:9b24b5c8cd536946b62086fcafee6d5509d3f549f72d553d2336af87ffbe0da1", size = 1349151, upload-time = "2026-08-22T05:16:36.741Z" },
]

[[package]]
name = "exceptiongroup"
version = "1.3.1"
source = { registry = "https://pypi.org/simple" }
dependencies = [
    { name = "typing-extensions" },
]
sdist = { url = "https://files.pythonhosted.org/packages/50/79/66800aadf48771f6b62f7eb014e352e5d06856655206165d775e675a02c9/exceptiongroup-1.3.1.tar.gz", hash = "sha256:8b412432c6055b0b7d14c310000ae93352ed6754f70fa8f7c34141f91c4e3219", size = 30371, upload-time = "2025-11-21T23:01:54.787Z" }
wheels = [
    { url = "https://files.pythonhosted.org/packages/8a/0e/97c33bf5009bdbac74fd2beace167cab3f978feb69cc36f1ef79360d6c4e/exceptiongroup-1.3.1-py3-none-any.whl", hash = "sha256:a7a39a3bd276781e98394987d3a5701d0c4edffb633bb7a5144577f82c773598", size = 16740, upload-time = "2025-11-21T23:01:53.443Z" },
]

[[package]]
name = "iniconfig"
version = "2.3.0"
source = { registry = "https://pypi.org/simple" }
sdist = { url = "https://files.pythonhosted.org/packages/72/34/14ca021ce8e5dfedc35312d08ba8bf51fdd999c576889fc2c24cb97f4f10/iniconfig-2.3.0.tar.gz", hash = "sha256:c76315c77db068650d49c5b56314774a7804df16fee4402c1f19d6d15d8c4730", size = 20503, upload-time = "2025-10-18T21:55:43.219Z" }
wheels = [
    { url = "https://files.pythonhosted.org/packages/cb/b1/3846dd7f199d53cb17f49cba7e651e9ce294d8497c8c150530ed11865bb8/iniconfig-2.3.0-py3-none-any.whl", hash = "sha256:f631c04d2c48c52b84d0d0549c99ff3859c98df65b3101406327ecc7d53fbf12", size = 7484, upload-time = "2025-10-18T21:55:41.639Z" },
]

[[package]]
name = "packaging"
version = "26.3"
source = { registry = "https://pypi.org/simple" }
sdist = { url = "https://files.pythonhosted.org/packages/7d/fa/3944b40b07da9ce895c0e6303a5ab7d53da063554f534556b134a54d6093/packaging-26.3.tar.gz", hash = "sha256:94edc256424af38762eb31306eed28beb9f0efc50a8837492c9d6fd6004aed79", size = 313412, upload-time = "2026-08-04T18:15:28.737Z" }
wheels = [
    { url = "https://files.pythonhosted.org/packages/63/34/ba1c580383c9eada3711951fef0795c80b829a078d72188184bcab9dd527/packaging-26.3-py3-none-any.whl", hash = "sha256:d7193f7c8e4e93f444fde0262bf90af30e16fa0ad0ad44cb553c87339b23cd1c", size = 129956, upload-time = "2026-08-04T18:15:27.159Z" },
]

[[package]]
name = "pluggy"
version = "1.6.0"
source = { registry = "https://pypi.org/simple" }
sdist = { url = "https://files.pythonhosted.org/packages/f9/e2/3e91f31a7d2b083fe6ef3fa267035b518369d9511ffab804f839851d2779/pluggy-1.6.0.tar.gz", hash = "sha256:7dcc130b76258d33b90f61b658791dede3486c3e6bfb003ee5c9bfb396dd22f3", size = 69412, upload-time = "2025-05-15T12:30:07.975Z" }
wheels = [
    { url = "https://files.pythonhosted.org/packages/54/20/4d324d65cc6d9205fabedc306948156824eb9f0ee1633355a8f7ec5c66bf/pluggy-1.6.0-py3-none-any.whl", hash = "sha256:e920276dd6813095e9377c0bc5566d94c932c33b27a3e3945d8389c374dd4746", size = 20538, upload-time = "2025-05-15T12:30:06.134Z" },
]

[[package]]
name = "py2so"
version = "0.2.0"
source = { editable = "." }
dependencies = [
    { name = "cython" },
    { name = "setuptools" },
]

[package.dev-dependencies]
dev = [
    { name = "pytest" },
]

[package.metadata]
requires-dist = [
    { name = "cython" },
    { name = "setuptools" },
]

[package.metadata.requires-dev]
dev = [{ name = "pytest" }]

[[package]]
name = "pygments"
version = "2.21.0"
source = { registry = "https://pypi.org/simple" }
sdist = { url = "https://files.pythonhosted.org/packages/49/2e/ced460408999b33da6b31b0021b0f37d329e202d4169aeb164493778f25b/pygments-2.21.0.tar.gz", hash = "sha256:610ca751c9bc2492b38eb9a38a7fbc93edbbb2d7182edaf34e66ae493dee5c8c", size = 5005329, upload-time = "2026-08-17T08:02:48.824Z" }
wheels = [
    { url = "https://files.pythonhosted.org/packages/71/46/17f022dd3e953bf20a04a028a21ec746d942f8d2af30fa0f124fa0e6a684/pygments-2.21.0-py3-none-any.whl", hash = "sha256:2363c69b61c4a97c838da3b130dcd6468f4848992b21a82f2a63ec34377137d9", size = 1250147, upload-time = "2026-08-17T08:02:44.912Z" },
]

[[package]]
name = "pytest"
version = "9.1.1"
source = { registry = "https://pypi.org/simple" }
dependencies = [
    { name = "colorama", marker = "sys_platform == 'win32'" },
    { name = "exceptiongroup", marker = "python_full_version < '3.11'" },
    { name = "iniconfig" },
    { name = "packaging" },
    { name = "pluggy" },
    { name = "pygments" },
    { name = "tomli", marker = "python_full_version < '3.11'" },
]
sdist = { url = "https://files.pythonhosted.org/packages/e4/47/b9efed96c114afcfa3c9d3fe98a76a1d14c74a9e266d397cf6eb64be5e01/pytest-9.1.1.tar.gz", hash = "sha256:1088fbde8f2b49d95a549a195707afa7a76a3ce9bcadc26b6d71f0ffda5fe313", size = 1636369, upload-time = "2026-06-19T10:58:32.857Z" }
wheels = [
    { url = "https://files.pythonhosted.org/packages/24/25/1de2678b631f5a49215c6c96fff41ba892b0a34df68d6d80292b1b48aa7f/pytest-9.1.1-py3-none-any.whl", hash = "sha256:37a86b45efb9a47a61a36449063e8e18d0cab3161329fc099eb21783169c4f0c", size = 386536, upload-time = "2026-06-19T10:58:31.347Z" },
]

[[package]]
name = "setuptools"
version = "84.0.0"
source = { registry = "https://pypi.org/simple" }
sdist = { url = "https://files.pythonhosted.org/packages/6d/44/f5da03a8ef95d369145c5bb53050e7877c9f3d312e128605fd9504829143/setuptools-84.0.0.tar.gz", hash = "sha256:f4695c21257f0d9b537ec2692c941d02ee143b7cc1276941349a546573b2ef73", size = 1168449, upload-time = "2026-08-08T18:27:58.365Z" }
wheels = [
    { url = "https://files.pythonhosted.org/packages/95/9c/c510029fc6ef33a6275cd2c5d3cecd6613dfd6aa401d57c54f1c18852ccf/setuptools-84.0.0-py3-none-any.whl", hash = "sha256:51a52592b3b99e102b609654876bd65f19f999935166d1352678931132b0c670", size = 818216, upload-time = "2026-08-08T18:27:56.719Z" },
]

[[package]]
name = "tomli"
version = "2.4.1"
source = { registry = "https://pypi.org/simple" }
sdist = { url = "https://files.pythonhosted.org/packages/22/de/48c59722572767841493b26183a0d1cc411d54fd759c5607c4590b6563a6/tomli-2.4.1.tar.gz", hash = "sha256:7c7e1a961a0b2f2472c1ac5b69affa0ae1132c39adcb67aba98568702b9cc23f", size = 17543, upload-time = "2026-03-25T20:22:03.828Z" }
wheels = [
    { url = "https://files.pythonhosted.org/packages/f4/11/db3d5885d8528263d8adc260bb2d28ebf1270b96e98f0e0268d32b8d9900/tomli-2.4.1-cp311-cp311-macosx_10_9_x86_64.whl", hash = "sha256:f8f0fc26ec2cc2b965b7a3b87cd19c5c6b8c5e5f436b984e85f486d652285c30", size = 154704, upload-time = "2026-03-25T20:21:10.473Z" },
    { url = "https://files.pythonhosted.org/packages/6d/f7/675db52c7e46064a9aa928885a9b20f4124ecb9bc2e1ce74c9106648d202/tomli-2.4.1-cp311-cp311-macosx_11_0_arm64.whl", hash = "sha256:4ab97e64ccda8756376892c53a72bd1f964e519c77236368527f758fbc36a53a", size = 149454, upload-time = "2026-03-25T20:21:12.036Z" },
    { url = "https://files.pythonhosted.org/packages/61/71/81c50943cf953efa35bce7646caab3cf457a7d8c030b27cfb40d7235f9ee/tomli-2.4.1-cp311-cp311-manylinux2014_aarch64.manylinux_2_17_aarch64.manylinux_2_28_aarch64.whl", hash = "sha256:96481a5786729fd470164b47cdb3e0e58062a496f455ee41b4403be77cb5a076", size = 237561, upload-time = "2026-03-25T20:21:13.098Z" },
    { url = "https://files.pythonhosted.org/packages/48/c1/f41d9cb618acccca7df82aaf682f9b49013c9397212cb9f53219e3abac37/tomli-2.4.1-cp311-cp311-manylinux2014_x86_64.manylinux_2_17_x86_64.manylinux_2_28_x86_64.whl", hash = "sha256:5a881ab208c0baf688221f8cecc5401bd291d67e38a1ac884d6736cbcd8247e9", size = 243824, upload-time = "2026-03-25T20:21:14.569Z" },
    { url = "https://files.pythonhosted.org/packages/22/e4/5a816ecdd1f8ca51fb756ef684b90f2780afc52fc67f987e3c61d800a46d/tomli-2.4.1-cp311-cp311-musllinux_1_2_aarch64.whl", hash = "sha256:47149d5bd38761ac8be13a84864bf0b7b70bc051806bc3669ab1cbc56216b23c", size = 242227, upload-time = "2026-03-25T20:21:15.712Z" },
    { url = "https://files.pythonhosted.org/packages/6b/49/2b2a0ef529aa6eec245d25f0c703e020a73955ad7edf73e7f54ddc608aa5/tomli-2.4.1-cp311-cp311-musllinux_1_2_x86_64.whl", hash = "sha256:ec9bfaf3ad2df51ace80688143a6a4ebc09a248f6ff781a9945e51937008fcbc", size = 247859, upload-time = "2026-03-25T20:21:17.001Z" },
    { url = "https://files.pythonhosted.org/packages/83/bd/6c1a630eaca337e1e78c5903104f831bda934c426f9231429396ce3c3467/tomli-2.4.1-cp311-cp311-win32.whl", hash = "sha256:ff2983983d34813c1aeb0fa89091e76c3a22889ee83ab27c5eeb45100560c049", size = 97204, upload-time = "2026-03-25T20:21:18.079Z" },
    { url = "https://files.pythonhosted.org/packages/42/59/71461df1a885647e10b6bb7802d0b8e66480c61f3f43079e0dcd315b3954/tomli-2.4.1-cp311-cp311-win_amd64.whl", hash = "sha256:5ee18d9ebdb417e384b58fe414e8d6af9f4e7a0ae761519fb50f721de398dd4e", size = 108084, upload-time = "2026-03-25T20:21:18.978Z" },
    { url = "https://files.pythonhosted.org/packages/b8/83/dceca96142499c069475b790e7913b1044c1a4337e700751f48ed723f883/tomli-2.4.1-cp311-cp311-win_arm64.whl", hash = "sha256:c2541745709bad0264b7d4705ad453b76ccd191e64aa6f0fc66b69a293a45ece", size = 95285, upload-time = "2026-03-25T20:21:20.309Z" },
    { url = "https://files.pythonhosted.org/packages/c1/ba/42f134a3fe2b370f555f44b1d72feebb94debcab01676bf918d0cb70e9aa/tomli-2.4.1-cp312-cp312-macosx_10_13_x86_64.whl", hash = "sha256:c742f741d58a28940ce01d58f0ab2ea3ced8b12402f162f4d534dfe18ba1cd6a", size = 155924, upload-time = "2026-03-25T20:21:21.626Z" },
    { url = "https://files.pythonhosted.org/packages/dc/c7/62d7a17c26487ade21c5422b646110f2162f1fcc95980ef7f63e73c68f14/tomli-2.4.1-cp312-cp312-macosx_11_0_arm64.whl", hash = "sha256:7f86fd587c4ed9dd76f318225e7d9b29cfc5a9d43de44e5754db8d1128487085", size = 150018, upload-time = "2026-03-25T20:21:23.002Z" },
    { url = "https://files.pythonhosted.org/packages/5c/05/79d13d7c15f13bdef410bdd49a6485b1c37d28968314eabee452c22a7fda/tomli-2.4.1-cp312-cp312-manylinux2014_aarch64.manylinux_2_17_aarch64.manylinux_2_28_aarch64.whl", hash = "sha256:ff18e6a727ee0ab0388507b89d1bc6a22b138d1e2fa56d1ad494586d61d2eae9", size = 244948, upload-time = "2026-03-25T20:21:24.04Z" },
    { url = "https://files.pythonhosted.org/packages/10/90/d62ce007a1c80d0b2c93e02cab211224756240884751b94ca72df8a875ca/tomli-2.4.1-cp312-cp312-manylinux2014_x86_64.manylinux_2_17_x86_64.manylinux_2_28_x86_64.whl", hash = "sha256:136443dbd7e1dee43c68ac2694fde36b2849865fa258d39bf822c10e8068eac5", size = 253341, upload-time = "2026-03-25T20:21:25.177Z" },
    { url = "https://files.pythonhosted.org/packages/1a/7e/caf6496d60152ad4ed09282c1885cca4eea150bfd007da84aea07bcc0a3e/tomli-2.4.1-cp312-cp312-musllinux_1_2_aarch64.whl", hash = "sha256:5e262d41726bc187e69af7825504c933b6794dc3fbd5945e41a79bb14c31f585", size = 248159, upload-time = "2026-03-25T20:21:26.364Z" },
    { url = "https://files.pythonhosted.org/packages/99/e7/c6f69c3120de34bbd882c6fba7975f3d7a746e9218e56ab46a1bc4b42552/tomli-2.4.1-cp312-cp312-musllinux_1_2_x86_64.whl", hash = "sha256:5cb41aa38891e073ee49d55fbc7839cfdb2bc0e600add13874d048c94aadddd1", size = 253290, upload-time = "2026-03-25T20:21:27.46Z" },
    { url = "https://files.pythonhosted.org/packages/d6/2f/4a3c322f22c5c66c4b836ec58211641a4067364f5dcdd7b974b4c5da300c/tomli-2.4.1-cp312-cp312-win32.whl", hash = "sha256:da25dc3563bff5965356133435b757a795a17b17d01dbc0f42fb32447ddfd917", size = 98141, upload-time = "2026-03-25T20:21:28.492Z" },
    { url = "https://files.pythonhosted.org/packages/24/22/4daacd05391b92c55759d55eaee21e1dfaea86ce5c571f10083360adf534/tomli-2.4.1-cp312-cp312-win_amd64.whl", hash = "sha256:52c8ef851d9a240f11a88c003eacb03c31fc1c9c4ec64a99a0f922b93874fda9", size = 108847, upload-time = "2026-03-25T20:21:29.386Z" },
    { url = "https://files.pythonhosted.org/packages/68/fd/70e768887666ddd9e9f5d85129e84910f2db2796f9096aa02b721a53098d/tomli-2.4.1-cp312-cp312-win_arm64.whl", hash = "sha256:f758f1b9299d059cc3f6546ae2af89670cb1c4d48ea29c3cacc4fe7de3058257", size = 95088, upload-time = "2026-03-25T20:21:30.677Z" },
    { url = "https://files.pythonhosted.org/packages/07/06/b823a7e818c756d9a7123ba2cda7d07bc2dd32835648d1a7b7b7a05d848d/tomli-2.4.1-cp313-cp313-macosx_10_13_x86_64.whl", hash = "sha256:36d2bd2ad5fb9eaddba5226aa02c8ec3fa4f192631e347b3ed28186d43be6b54", size = 155866, upload-time = "2026-03-25T20:21:31.65Z" },
    { url = "https://files.pythonhosted.org/packages/14/6f/12645cf7f08e1a20c7eb8c297c6f11d31c1b50f316a7e7e1e1de6e2e7b7e/tomli-2.4.1-cp313-cp313-macosx_11_0_arm64.whl", hash = "sha256:eb0dc4e38e6a1fd579e5d50369aa2e10acfc9cace504579b2faabb478e76941a", size = 149887, upload-time = "2026-03-25T20:21:33.028Z" },
    { url = "https://files.pythonhosted.org/packages/5c/e0/90637574e5e7212c09099c67ad349b04ec4d6020324539297b634a0192b0/tomli-2.4.1-cp313-cp313-manylinux2014_aarch64.manylinux_2_17_aarch64.manylinux_2_28_aarch64.whl", hash = "sha256:c7f2c7f2b9ca6bdeef8f0fa897f8e05085923eb091721675170254cbc5b02897", size = 243704, upload-time = "2026-03-25T20:21:34.51Z" },
    { url = "https://files.pythonhosted.org/packages/10/8f/d3ddb16c5a4befdf31a23307f72828686ab2096f068eaf56631e136c1fdd/tomli-2.4.1-cp313-cp313-manylinux2014_x86_64.manylinux_2_17_x86_64.manylinux_2_28_x86_64.whl", hash = "sha256:f3c6818a1a86dd6dca7ddcaaf76947d5ba31aecc28cb1b67009a5877c9a64f3f", size = 251628, upload-time = "2026-03-25T20:21:36.012Z" },
    { url = "https://files.pythonhosted.org/packages/e3/f1/dbeeb9116715abee2485bf0a12d07a8f31af94d71608c171c45f64c0469d/tomli-2.4.1-cp313-cp313-musllinux_1_2_aarch64.whl", hash = "sha256:d312ef37c91508b0ab2cee7da26ec0b3ed2f03ce12bd87a588d771ae15dcf82d", size = 247180, upload-time = "2026-03-25T20:21:37.136Z" },
    { url = "https://files.pythonhosted.org/packages/d3/74/16336ffd19ed4da28a70959f92f506233bd7cfc2332b20bdb01591e8b1d1/tomli-2.4.1-cp313-cp313-musllinux_1_2_x86_64.whl", hash = "sha256:51529d40e3ca50046d7606fa99ce3956a617f9b36380da3b7f0dd3dd28e68cb5", size = 251674, upload-time = "2026-03-25T20:21:38.298Z" },
    { url = "https://files.pythonhosted.org/packages/16/f9/229fa3434c590ddf6c0aa9af64d3af4b752540686cace29e6281e3458469/tomli-2.4.1-cp313-cp313-win32.whl", hash = "sha256:2190f2e9dd7508d2a90ded5ed369255980a1bcdd58e52f7fe24b8162bf9fedbd", size = 97976, upload-time = "2026-03-25T20:21:39.316Z" },
    { url = "https://files.pythonhosted.org/packages/6a/1e/71dfd96bcc1c775420cb8befe7a9d35f2e5b1309798f009dca17b7708c1e/tomli-2.4.1-cp313-cp313-win_amd64.whl", hash = "sha256:8d65a2fbf9d2f8352685bc1364177ee3923d6baf5e7f43ea4959d7d8bc326a36", size = 108755, upload-time = "2026-03-25T20:21:40.248Z" },
    { url = "https://files.pythonhosted.org/packages/83/7a/d34f422a021d62420b78f5c538e5b102f62bea616d1d75a13f0a88acb04a/tomli-2.4.1-cp313-cp313-win_arm64.whl", hash = "sha256:4b605484e43cdc43f0954ddae319fb75f04cc10dd80d830540060ee7cd0243cd", size = 95265, upload-time = "2026-03-25T20:21:41.219Z" },
    { url = "https://files.pythonhosted.org/packages/3c/fb/9a5c8d27dbab540869f7c1f8eb0abb3244189ce780ba9cd73f3770662072/tomli-2.4.1-cp314-cp314-macosx_10_15_x86_64.whl", hash = "sha256:fd0409a3653af6c147209d267a0e4243f0ae46b011aa978b1080359fddc9b6cf", size = 155726, upload-time = "2026-03-25T20:21:42.23Z" },
    { url = "https://files.pythonhosted.org/packages/62/05/d2f816630cc771ad836af54f5001f47a6f611d2d39535364f148b6a92d6b/tomli-2.4.1-cp314-cp314-macosx_11_0_arm64.whl", hash = "sha256:a120733b01c45e9a0c34aeef92bf0cf1d56cfe81ed9d47d562f9ed591a9828ac", size = 149859, upload-time = "2026-03-25T20:21:43.386Z" },
    { url = "https://files.pythonhosted.org/packages/ce/48/66341bdb858ad9bd0ceab5a86f90eddab127cf8b046418009f2125630ecb/tomli-2.4.1-cp314-cp314-manylinux2014_aarch64.manylinux_2_17_aarch64.manylinux_2_28_aarch64.whl", hash = "sha256:559db847dc486944896521f68d8190be1c9e719fced785720d2216fe7022b662", size = 244713, upload-time = "2026-03-25T20:21:44.474Z" },
    { url = "https://files.pythonhosted.org/packages/df/6d/c5fad00d82b3c7a3ab6189bd4b10e60466f22cfe8a08a9394185c8a8111c/tomli-2.4.1-cp314-cp314-manylinux2014_x86_64.manylinux_2_17_x86_64.manylinux_2_28_x86_64.whl", hash = "sha256:01f520d4f53ef97964a240a035ec2a869fe1a37dde002b57ebc4417a27ccd853", size = 252084, upload-time = "2026-03-25T20:21:45.62Z" },
    { url = "https://files.pythonhosted.org/packages/00/71/3a69e86f3eafe8c7a59d008d245888051005bd657760e96d5fbfb0b740c2/tomli-2.4.1-cp314-cp314-musllinux_1_2_aarch64.whl", hash = "sha256:7f94b27a62cfad8496c8d2513e1a222dd446f095fca8987fceef261225538a15", size = 247973, upload-time = "2026-03-25T20:21:46.937Z" },
    { url = "https://files.pythonhosted.org/packages/67/50/361e986652847fec4bd5e4a0208752fbe64689c603c7ae5ea7cb16b1c0ca/tomli-2.4.1-cp314-cp314-musllinux_1_2_x86_64.whl", hash = "sha256:ede3e6487c5ef5d28634ba3f31f989030ad6af71edfb0055cbbd14189ff240ba", size = 256223, upload-time = "2026-03-25T20:21:48.467Z" },
    { url = "https://files.pythonhosted.org/packages/8c/9a/b4173689a9203472e5467217e0154b00e260621caa227b6fa01feab16998/tomli-2.4.1-cp314-cp314-win32.whl", hash = "sha256:3d48a93ee1c9b79c04bb38772ee1b64dcf18ff43085896ea460ca8dec96f35f6", size = 98973, upload-time = "2026-03-25T20:21:49.526Z" },
    { url = "https://files.pythonhosted.org/packages/14/58/640ac93bf230cd27d002462c9af0d837779f8773bc03dee06b5835208214/tomli-2.4.1-cp314-cp314-win_amd64.whl", hash = "sha256:88dceee75c2c63af144e456745e10101eb67361050196b0b6af5d717254dddf7", size = 109082, upload-time = "2026-03-25T20:21:50.506Z" },
    { url = "https://files.pythonhosted.org/packages/d5/2f/702d5e05b227401c1068f0d386d79a589bb12bf64c3d2c72ce0631e3bc49/tomli-2.4.1-cp314-cp314-win_arm64.whl", hash = "sha256:b8c198f8c1805dc42708689ed6864951fd2494f924149d3e4bce7710f8eb5232", size = 96490, upload-time = "2026-03-25T20:21:51.474Z" },
    { url = "https://files.pythonhosted.org/packages/45/4b/b877b05c8ba62927d9865dd980e34a755de541eb65fffba52b4cc495d4d2/tomli-2.4.1-cp314-cp314t-macosx_10_15_x86_64.whl", hash = "sha256:d4d8fe59808a54658fcc0160ecfb1b30f9089906c50b23bcb4c69eddc19ec2b4", size = 164263, upload-time = "2026-03-25T20:21:52.543Z" },
    { url = "https://files.pythonhosted.org/packages/24/79/6ab420d37a270b89f7195dec5448f79400d9e9c1826df982f3f8e97b24fd/tomli-2.4.1-cp314-cp314t-macosx_11_0_arm64.whl", hash = "sha256:7008df2e7655c495dd12d2a4ad038ff878d4ca4b81fccaf82b714e07eae4402c", size = 160736, upload-time = "2026-03-25T20:21:53.674Z" },
    { url = "https://files.pythonhosted.org/packages/02/e0/3630057d8eb170310785723ed5adcdfb7d50cb7e6455f85ba8a3deed642b/tomli-2.4.1-cp314-cp314t-manylinux2014_aarch64.manylinux_2_17_aarch64.manylinux_2_28_aarch64.whl", hash = "sha256:1d8591993e228b0c930c4bb0db464bdad97b3289fb981255d6c9a41aedc84b2d", size = 270717, upload-time = "2026-03-25T20:21:55.129Z" },
    { url = "https://files.pythonhosted.org/packages/7a/b4/1613716072e544d1a7891f548d8f9ec6ce2faf42ca65acae01d76ea06bb0/tomli-2.4.1-cp314-cp314t-manylinux2014_x86_64.manylinux_2_17_x86_64.manylinux_2_28_x86_64.whl", hash = "sha256:734e20b57ba95624ecf1841e72b53f6e186355e216e5412de414e3c51e5e3c41", size = 278461, upload-time = "2026-03-25T20:21:56.228Z" },
    { url = "https://files.pythonhosted.org/packages/05/38/30f541baf6a3f6df77b3df16b01ba319221389e2da59427e221ef417ac0c/tomli-2.4.1-cp314-cp314t-musllinux_1_2_aarch64.whl", hash = "sha256:8a650c2dbafa08d42e51ba0b62740dae4ecb9338eefa093aa5c78ceb546fcd5c", size = 274855, upload-time = "2026-03-25T20:21:57.653Z" },
    { url = "https://files.pythonhosted.org/packages/77/a3/ec9dd4fd2c38e98de34223b995a3b34813e6bdadf86c75314c928350ed14/tomli-2.4.1-cp314-cp314t-musllinux_1_2_x86_64.whl", hash = "sha256:504aa796fe0569bb43171066009ead363de03675276d2d121ac1a4572397870f", size = 283144, upload-time = "2026-03-25T20:21:59.089Z" },
    { url = "https://files.pythonhosted.org/packages/ef/be/605a6261cac79fba2ec0c9827e986e00323a1945700969b8ee0b30d85453/tomli-2.4.1-cp314-cp314t-win32.whl", hash = "sha256:b1d22e6e9387bf4739fbe23bfa80e93f6b0373a7f1b96c6227c32bef95a4d7a8", size = 108683, upload-time = "2026-03-25T20:22:00.214Z" },
    { url = "https://files.pythonhosted.org/packages/12/64/da524626d3b9cc40c168a13da8335fe1c51be12c0a63685cc6db7308daae/tomli-2.4.1-cp314-cp314t-win_amd64.whl", hash = "sha256:2c1c351919aca02858f740c6d33adea0c5deea37f9ecca1cc1ef9e884a619d26", size = 121196, upload-time = "2026-03-25T20:22:01.169Z" },
    { url = "https://files.pythonhosted.org/packages/5a/cd/e80b62269fc78fc36c9af5a6b89c835baa8af28ff5ad28c7028d60860320/tomli-2.4.1-cp314-cp314t-win_arm64.whl", hash = "sha256:eab21f45c7f66c13f2a9e0e1535309cee140182a9cdae1e041d02e47291e8396", size = 100393, upload-time = "2026-03-25T20:22:02.137Z" },
    { url = "https://files.pythonhosted.org/packages/7b/61/cceae43728b7de99d9b847560c262873a1f6c98202171fd5ed62640b494b/tomli-2.4.1-py3-none-any.whl", hash = "sha256:0d85819802132122da43cb86656f8d1f8c6587d54ae7dcaf30e90533028b49fe", size = 14583, upload-time = "2026-03-25T20:22:03.012Z" },
]

[[package]]
name = "typing-extensions"
version = "4.16.0"
source = { registry = "https://pypi.org/simple" }
sdist = { url = "https://files.pythonhosted.org/packages/f6/cc/6253133b5bb138fc3306cebfbda2c520f545d36b5be2c7255cc528bb45d6/typing_extensions-4.16.0.tar.gz", hash = "sha256:dc983d19a509c94dba722ee6abd33940f7c05a89e243c47e907eb4db6f1a43e5", size = 113555, upload-time = "2026-07-02T08:40:05.92Z" }
wheels = [
    { url = "https://files.pythonhosted.org/packages/49/d3/b8441a820a491ddfc024b0b0cf0393375b75ea13866d9c66727e54c2fc80/typing_extensions-4.16.0-py3-none-any.whl", hash = "sha256:481caa481374e813c1b176ada14e97f1f67a4539ce9cfeb3f350d78d6370c2e8", size = 45571, upload-time = "2026-07-02T08:40:04.659Z" },
]
